
Microsoft Visual Studio Solution File, Format Version 12.00
# Visual Studio Version 17
VisualStudioVersion = 17.2.32616.157
MinimumVisualStudioVersion = 10.0.40219.1
Project("{9A19103F-16F7-4668-BE54-9A1E7A4F7556}") = "htmx-spike", "htmx-spike\htmx-spike.csproj", "{C55EE6EA-E499-4394-97A7-FA482411496C}"
EndProject
Global
	GlobalSection(SolutionConfigurationPlatforms) = preSolution
		Debug|Any CPU = Debug|Any CPU
		Release|Any CPU = Release|Any CPU
	EndGlobalSection
	GlobalSection(ProjectConfigurationPlatforms) = postSolution
		{C55EE6EA-E499-4394-97A7-FA482411496C}.Debug|Any CPU.ActiveCfg = Debug|Any CPU
		{C55EE6EA-E499-4394-97A7-FA482411496C}.Debug|Any CPU.Build.0 = Debug|Any CPU
		{C55EE6EA-E499-4394-97A7-FA482411496C}.Release|Any CPU.ActiveCfg = Release|Any CPU
		{C55EE6EA-E499-4394-97A7-FA482411496C}.Release|Any CPU.Build.0 = Release|Any CPU
	EndGlobalSection
	GlobalSection(SolutionProperties) = preSolution
		HideSolutionNode = FALSE
	EndGlobalSection
	GlobalSection(ExtensibilityGlobals) = postSolution
		SolutionGuid = {3FD80F0E-62DF-4058-84D7-FCDD547349F1}
	EndGlobalSection
EndGlobal
